{
  "version": 4,
  "terraform_version": "1.9.5",
  "serial": 28,
  "lineage": "519a453a-41ff-6c6c-f448-d8aa0757ef72",
  "outputs": {
    "dynamodb_security_group_id": {
      "value": "sg-08eca336c68c2577f",
      "type": "string"
    },
    "dynamodb_table_arn": {
      "value": "arn:aws:dynamodb:ca-central-1:017820679929:table/my-dynamodb-table",
      "type": "string"
    },
    "dynamodb_table_name": {
      "value": "my-dynamodb-table",
      "type": "string"
    },
    "dynamodb_vpc_endpoint_id": {
      "value": "vpce-0b4ae7b0af6f3eb12",
      "type": "string"
    },
    "private_subnet_id": {
      "value": "subnet-0a69a88ea5ce7dafa",
      "type": "string"
    },
    "public_subnet_id": {
      "value": "subnet-075d3b1506ba890b8",
      "type": "string"
    },
    "s3_bucket_arn": {
      "value": "arn:aws:s3:::my-dynamodb-table-audit-logs",
      "type": "string"
    },
    "s3_bucket_name": {
      "value": "my-dynamodb-table-audit-logs",
      "type": "string"
    },
    "vpc_id": {
      "value": "vpc-0ed1e1f73f9b0661e",
      "type": "string"
    }
  },
  "resources": [
    {
      "module": "module.dynamodb",
      "mode": "data",
      "type": "aws_caller_identity",
      "name": "current",
      "provider": "provider[\"registry.terraform.io/hashicorp/aws\"]",
      "instances": [
        {
          "schema_version": 0,
          "attributes": {
            "account_id": "017820679929",
            "arn": "arn:aws:sts::017820679929:assumed-role/terraformRole/i-0f686d11b3527f54b",
            "id": "017820679929",
            "user_id": "AROAQIJRR734YL7UEETPK:i-0f686d11b3527f54b"
          },
          "sensitive_attributes": []
        }
      ]
    },
    {
      "module": "module.dynamodb",
      "mode": "managed",
      "type": "aws_dynamodb_table",
      "name": "my_dynamodb_table",
      "provider": "provider[\"registry.terraform.io/hashicorp/aws\"]",
      "instances": [
        {
          "schema_version": 1,
          "attributes": {
            "arn": "arn:aws:dynamodb:ca-central-1:017820679929:table/my-dynamodb-table",
            "attribute": [
              {
                "name": "create_at",
                "type": "S"
              },
              {
                "name": "id",
                "type": "S"
              }
            ],
            "billing_mode": "PAY_PER_REQUEST",
            "deletion_protection_enabled": false,
            "global_secondary_index": [
              {
                "hash_key": "create_at",
                "name": "CreateAtIndex",
                "non_key_attributes": [],
                "projection_type": "ALL",
                "range_key": "",
                "read_capacity": 1,
                "write_capacity": 1
              }
            ],
            "hash_key": "id",
            "id": "my-dynamodb-table",
            "import_table": [],
            "local_secondary_index": [],
            "name": "my-dynamodb-table",
            "point_in_time_recovery": [
              {
                "enabled": true
              }
            ],
            "range_key": null,
            "read_capacity": 0,
            "replica": [],
            "restore_date_time": null,
            "restore_source_name": null,
            "restore_source_table_arn": null,
            "restore_to_latest_time": null,
            "server_side_encryption": [
              {
                "enabled": true,
                "kms_key_arn": ""
              }
            ],
            "stream_arn": "",
            "stream_enabled": false,
            "stream_label": "",
            "stream_view_type": "",
            "table_class": "STANDARD",
            "tags": {
              "Environment": "Development",
              "Name": "my-dynamodb-table",
              "Owner": "Anudeep",
              "Project": "Payment Gateway"
            },
            "tags_all": {
              "Environment": "Development",
              "Name": "my-dynamodb-table",
              "Owner": "Anudeep",
              "Project": "Payment Gateway"
            },
            "timeouts": null,
            "ttl": [
              {
                "attribute_name": "",
                "enabled": false
              }
            ],
            "write_capacity": 0
          },
          "sensitive_attributes": [],
          "private": "eyJlMmJmYjczMC1lY2FhLTExZTYtOGY4OC0zNDM2M2JjN2M0YzAiOnsiY3JlYXRlIjoxODAwMDAwMDAwMDAwLCJkZWxldGUiOjYwMDAwMDAwMDAwMCwidXBkYXRlIjozNjAwMDAwMDAwMDAwfSwic2NoZW1hX3ZlcnNpb24iOiIxIn0="
        }
      ]
    },
    {
      "module": "module.dynamodb",
      "mode": "managed",
      "type": "aws_s3_bucket",
      "name": "dynamodb_audit_logs",
      "provider": "provider[\"registry.terraform.io/hashicorp/aws\"]",
      "instances": [
        {
          "schema_version": 0,
          "attributes": {
            "acceleration_status": "",
            "acl": null,
            "arn": "arn:aws:s3:::my-dynamodb-table-audit-logs",
            "bucket": "my-dynamodb-table-audit-logs",
            "bucket_domain_name": "my-dynamodb-table-audit-logs.s3.amazonaws.com",
            "bucket_prefix": "",
            "bucket_regional_domain_name": "my-dynamodb-table-audit-logs.s3.ca-central-1.amazonaws.com",
            "cors_rule": [],
            "force_destroy": false,
            "grant": [
              {
                "id": "3b7e364e44ebe95bcfd103009fdea45ee03c9451ae653fc3059ed4d3f6cde5bf",
                "permissions": [
                  "FULL_CONTROL"
                ],
                "type": "CanonicalUser",
                "uri": ""
              }
            ],
            "hosted_zone_id": "Z1QDHH18159H29",
            "id": "my-dynamodb-table-audit-logs",
            "lifecycle_rule": [],
            "logging": [],
            "object_lock_configuration": [],
            "object_lock_enabled": false,
            "policy": "",
            "region": "ca-central-1",
            "replication_configuration": [],
            "request_payer": "BucketOwner",
            "server_side_encryption_configuration": [
              {
                "rule": [
                  {
                    "apply_server_side_encryption_by_default": [
                      {
                        "kms_master_key_id": "",
                        "sse_algorithm": "AES256"
                      }
                    ],
                    "bucket_key_enabled": false
                  }
                ]
              }
            ],
            "tags": {},
            "tags_all": {},
            "timeouts": null,
            "versioning": [
              {
                "enabled": false,
                "mfa_delete": false
              }
            ],
            "website": [],
            "website_domain": null,
            "website_endpoint": null
          },
          "sensitive_attributes": [],
          "private": "eyJlMmJmYjczMC1lY2FhLTExZTYtOGY4OC0zNDM2M2JjN2M0YzAiOnsiY3JlYXRlIjoxMjAwMDAwMDAwMDAwLCJkZWxldGUiOjM2MDAwMDAwMDAwMDAsInJlYWQiOjEyMDAwMDAwMDAwMDAsInVwZGF0ZSI6MTIwMDAwMDAwMDAwMH19"
        }
      ]
    },
    {
      "module": "module.dynamodb",
      "mode": "managed",
      "type": "aws_s3_bucket_policy",
      "name": "dynamodb_audit_logs_policy",
      "provider": "provider[\"registry.terraform.io/hashicorp/aws\"]",
      "instances": [
        {
          "schema_version": 0,
          "attributes": {
            "bucket": "my-dynamodb-table-audit-logs",
            "id": "my-dynamodb-table-audit-logs",
            "policy": "{\"Statement\":[{\"Action\":\"s3:GetObject\",\"Effect\":\"Allow\",\"Principal\":\"*\",\"Resource\":\"arn:aws:s3:::my-dynamodb-table-audit-logs/*\"}],\"Version\":\"2012-10-17\"}"
          },
          "sensitive_attributes": [],
          "private": "bnVsbA==",
          "dependencies": [
            "module.dynamodb.aws_s3_bucket.dynamodb_audit_logs"
          ]
        }
      ]
    },
    {
      "module": "module.dynamodb",
      "mode": "managed",
      "type": "aws_s3_bucket_public_access_block",
      "name": "dynamodb_audit_logs_block",
      "provider": "provider[\"registry.terraform.io/hashicorp/aws\"]",
      "instances": [
        {
          "schema_version": 0,
          "attributes": {
            "block_public_acls": false,
            "block_public_policy": false,
            "bucket": "my-dynamodb-table-audit-logs",
            "id": "my-dynamodb-table-audit-logs",
            "ignore_public_acls": false,
            "restrict_public_buckets": false
          },
          "sensitive_attributes": [],
          "private": "bnVsbA==",
          "dependencies": [
            "module.dynamodb.aws_s3_bucket.dynamodb_audit_logs"
          ]
        }
      ]
    },
    {
      "module": "module.vpc",
      "mode": "managed",
      "type": "aws_eip",
      "name": "nat",
      "provider": "provider[\"registry.terraform.io/hashicorp/aws\"]",
      "instances": [
        {
          "schema_version": 0,
          "attributes": {
            "address": null,
            "allocation_id": "eipalloc-03044d1366d6b9f7d",
            "arn": "arn:aws:ec2:ca-central-1:017820679929:elastic-ip/eipalloc-03044d1366d6b9f7d",
            "associate_with_private_ip": null,
            "association_id": "eipassoc-0d0360075906a356b",
            "carrier_ip": "",
            "customer_owned_ip": "",
            "customer_owned_ipv4_pool": "",
            "domain": "vpc",
            "id": "eipalloc-03044d1366d6b9f7d",
            "instance": "",
            "network_border_group": "ca-central-1",
            "network_interface": "eni-0aa66afb7d1281530",
            "private_dns": "ip-10-0-1-118.ca-central-1.compute.internal",
            "private_ip": "10.0.1.118",
            "ptr_record": "",
            "public_dns": "ec2-15-157-120-107.ca-central-1.compute.amazonaws.com",
            "public_ip": "15.157.120.107",
            "public_ipv4_pool": "amazon",
            "tags": {
              "Environment": "Development",
              "Name": "Audit-Infra-ElasticIP",
              "Owner": "Anudeep",
              "Project": "Payment Gateway"
            },
            "tags_all": {
              "Environment": "Development",
              "Name": "Audit-Infra-ElasticIP",
              "Owner": "Anudeep",
              "Project": "Payment Gateway"
            },
            "timeouts": null,
            "vpc": true
          },
          "sensitive_attributes": [],
          "private": "eyJlMmJmYjczMC1lY2FhLTExZTYtOGY4OC0zNDM2M2JjN2M0YzAiOnsiZGVsZXRlIjoxODAwMDAwMDAwMDAsInJlYWQiOjkwMDAwMDAwMDAwMCwidXBkYXRlIjozMDAwMDAwMDAwMDB9fQ=="
        }
      ]
    },
    {
      "module": "module.vpc",
      "mode": "managed",
      "type": "aws_internet_gateway",
      "name": "igw",
      "provider": "provider[\"registry.terraform.io/hashicorp/aws\"]",
      "instances": [
        {
          "schema_version": 0,
          "attributes": {
            "arn": "arn:aws:ec2:ca-central-1:017820679929:internet-gateway/igw-050dea06618fe6c80",
            "id": "igw-050dea06618fe6c80",
            "owner_id": "017820679929",
            "tags": {
              "Environment": "Development",
              "Name": "Audit-Infra-InternetGateway",
              "Owner": "Anudeep",
              "Project": "Payment Gateway"
            },
            "tags_all": {
              "Environment": "Development",
              "Name": "Audit-Infra-InternetGateway",
              "Owner": "Anudeep",
              "Project": "Payment Gateway"
            },
            "timeouts": null,
            "vpc_id": "vpc-0ed1e1f73f9b0661e"
          },
          "sensitive_attributes": [],
          "private": "eyJlMmJmYjczMC1lY2FhLTExZTYtOGY4OC0zNDM2M2JjN2M0YzAiOnsiY3JlYXRlIjoxMjAwMDAwMDAwMDAwLCJkZWxldGUiOjEyMDAwMDAwMDAwMDAsInVwZGF0ZSI6MTIwMDAwMDAwMDAwMH19",
          "dependencies": [
            "module.vpc.aws_vpc.main"
          ]
        }
      ]
    },
    {
      "module": "module.vpc",
      "mode": "managed",
      "type": "aws_nat_gateway",
      "name": "nat",
      "provider": "provider[\"registry.terraform.io/hashicorp/aws\"]",
      "instances": [
        {
          "schema_version": 0,
          "attributes": {
            "allocation_id": "eipalloc-03044d1366d6b9f7d",
            "association_id": "eipassoc-0d0360075906a356b",
            "connectivity_type": "public",
            "id": "nat-0d18abdf6c524eae4",
            "network_interface_id": "eni-0aa66afb7d1281530",
            "private_ip": "10.0.1.118",
            "public_ip": "15.157.120.107",
            "secondary_allocation_ids": [],
            "secondary_private_ip_address_count": 0,
            "secondary_private_ip_addresses": [],
            "subnet_id": "subnet-075d3b1506ba890b8",
            "tags": {},
            "tags_all": {},
            "timeouts": null
          },
          "sensitive_attributes": [],
          "private": "eyJlMmJmYjczMC1lY2FhLTExZTYtOGY4OC0zNDM2M2JjN2M0YzAiOnsiY3JlYXRlIjo2MDAwMDAwMDAwMDAsImRlbGV0ZSI6MTgwMDAwMDAwMDAwMCwidXBkYXRlIjo2MDAwMDAwMDAwMDB9fQ==",
          "dependencies": [
            "module.vpc.aws_eip.nat",
            "module.vpc.aws_subnet.public",
            "module.vpc.aws_vpc.main"
          ]
        }
      ]
    },
    {
      "module": "module.vpc",
      "mode": "managed",
      "type": "aws_route_table",
      "name": "private",
      "provider": "provider[\"registry.terraform.io/hashicorp/aws\"]",
      "instances": [
        {
          "schema_version": 0,
          "attributes": {
            "arn": "arn:aws:ec2:ca-central-1:017820679929:route-table/rtb-020100c896ad0e08e",
            "id": "rtb-020100c896ad0e08e",
            "owner_id": "017820679929",
            "propagating_vgws": [],
            "route": [
              {
                "carrier_gateway_id": "",
                "cidr_block": "0.0.0.0/0",
                "core_network_arn": "",
                "destination_prefix_list_id": "",
                "egress_only_gateway_id": "",
                "gateway_id": "",
                "ipv6_cidr_block": "",
                "local_gateway_id": "",
                "nat_gateway_id": "nat-0d18abdf6c524eae4",
                "network_interface_id": "",
                "transit_gateway_id": "",
                "vpc_endpoint_id": "",
                "vpc_peering_connection_id": ""
              }
            ],
            "tags": {
              "Environment": "Development",
              "Name": "Audit-Infra-PrivateRouteTable",
              "Owner": "Anudeep",
              "Project": "Payment Gateway"
            },
            "tags_all": {
              "Environment": "Development",
              "Name": "Audit-Infra-PrivateRouteTable",
              "Owner": "Anudeep",
              "Project": "Payment Gateway"
            },
            "timeouts": null,
            "vpc_id": "vpc-0ed1e1f73f9b0661e"
          },
          "sensitive_attributes": [],
          "private": "eyJlMmJmYjczMC1lY2FhLTExZTYtOGY4OC0zNDM2M2JjN2M0YzAiOnsiY3JlYXRlIjozMDAwMDAwMDAwMDAsImRlbGV0ZSI6MzAwMDAwMDAwMDAwLCJ1cGRhdGUiOjEyMDAwMDAwMDAwMH19",
          "dependencies": [
            "module.vpc.aws_eip.nat",
            "module.vpc.aws_nat_gateway.nat",
            "module.vpc.aws_subnet.public",
            "module.vpc.aws_vpc.main"
          ]
        }
      ]
    },
    {
      "module": "module.vpc",
      "mode": "managed",
      "type": "aws_route_table",
      "name": "public",
      "provider": "provider[\"registry.terraform.io/hashicorp/aws\"]",
      "instances": [
        {
          "schema_version": 0,
          "attributes": {
            "arn": "arn:aws:ec2:ca-central-1:017820679929:route-table/rtb-0d4c0c626eef5035b",
            "id": "rtb-0d4c0c626eef5035b",
            "owner_id": "017820679929",
            "propagating_vgws": [],
            "route": [
              {
                "carrier_gateway_id": "",
                "cidr_block": "0.0.0.0/0",
                "core_network_arn": "",
                "destination_prefix_list_id": "",
                "egress_only_gateway_id": "",
                "gateway_id": "igw-050dea06618fe6c80",
                "ipv6_cidr_block": "",
                "local_gateway_id": "",
                "nat_gateway_id": "",
                "network_interface_id": "",
                "transit_gateway_id": "",
                "vpc_endpoint_id": "",
                "vpc_peering_connection_id": ""
              }
            ],
            "tags": {
              "Environment": "Development",
              "Name": "Audit-Infra-PublicRouteTable",
              "Owner": "Anudeep",
              "Project": "Payment Gateway"
            },
            "tags_all": {
              "Environment": "Development",
              "Name": "Audit-Infra-PublicRouteTable",
              "Owner": "Anudeep",
              "Project": "Payment Gateway"
            },
            "timeouts": null,
            "vpc_id": "vpc-0ed1e1f73f9b0661e"
          },
          "sensitive_attributes": [],
          "private": "eyJlMmJmYjczMC1lY2FhLTExZTYtOGY4OC0zNDM2M2JjN2M0YzAiOnsiY3JlYXRlIjozMDAwMDAwMDAwMDAsImRlbGV0ZSI6MzAwMDAwMDAwMDAwLCJ1cGRhdGUiOjEyMDAwMDAwMDAwMH19",
          "dependencies": [
            "module.vpc.aws_internet_gateway.igw",
            "module.vpc.aws_vpc.main"
          ]
        }
      ]
    },
    {
      "module": "module.vpc",
      "mode": "managed",
      "type": "aws_route_table_association",
      "name": "private",
      "provider": "provider[\"registry.terraform.io/hashicorp/aws\"]",
      "instances": [
        {
          "schema_version": 0,
          "attributes": {
            "gateway_id": "",
            "id": "rtbassoc-06a0568965dfc0103",
            "route_table_id": "rtb-020100c896ad0e08e",
            "subnet_id": "subnet-0a69a88ea5ce7dafa",
            "timeouts": null
          },
          "sensitive_attributes": [],
          "private": "eyJlMmJmYjczMC1lY2FhLTExZTYtOGY4OC0zNDM2M2JjN2M0YzAiOnsiY3JlYXRlIjozMDAwMDAwMDAwMDAsImRlbGV0ZSI6MzAwMDAwMDAwMDAwLCJ1cGRhdGUiOjEyMDAwMDAwMDAwMH19",
          "dependencies": [
            "module.vpc.aws_eip.nat",
            "module.vpc.aws_nat_gateway.nat",
            "module.vpc.aws_route_table.private",
            "module.vpc.aws_subnet.private",
            "module.vpc.aws_subnet.public",
            "module.vpc.aws_vpc.main"
          ]
        }
      ]
    },
    {
      "module": "module.vpc",
      "mode": "managed",
      "type": "aws_route_table_association",
      "name": "public",
      "provider": "provider[\"registry.terraform.io/hashicorp/aws\"]",
      "instances": [
        {
          "schema_version": 0,
          "attributes": {
            "gateway_id": "",
            "id": "rtbassoc-0b743fc86e4c34e3d",
            "route_table_id": "rtb-0d4c0c626eef5035b",
            "subnet_id": "subnet-075d3b1506ba890b8",
            "timeouts": null
          },
          "sensitive_attributes": [],
          "private": "eyJlMmJmYjczMC1lY2FhLTExZTYtOGY4OC0zNDM2M2JjN2M0YzAiOnsiY3JlYXRlIjozMDAwMDAwMDAwMDAsImRlbGV0ZSI6MzAwMDAwMDAwMDAwLCJ1cGRhdGUiOjEyMDAwMDAwMDAwMH19",
          "dependencies": [
            "module.vpc.aws_internet_gateway.igw",
            "module.vpc.aws_route_table.public",
            "module.vpc.aws_subnet.public",
            "module.vpc.aws_vpc.main"
          ]
        }
      ]
    },
    {
      "module": "module.vpc",
      "mode": "managed",
      "type": "aws_security_group",
      "name": "dynamodb_sg",
      "provider": "provider[\"registry.terraform.io/hashicorp/aws\"]",
      "instances": [
        {
          "schema_version": 1,
          "attributes": {
            "arn": "arn:aws:ec2:ca-central-1:017820679929:security-group/sg-08eca336c68c2577f",
            "description": "Managed by Terraform",
            "egress": [
              {
                "cidr_blocks": [
                  "0.0.0.0/0"
                ],
                "description": "",
                "from_port": 0,
                "ipv6_cidr_blocks": [],
                "prefix_list_ids": [],
                "protocol": "-1",
                "security_groups": [],
                "self": false,
                "to_port": 0
              }
            ],
            "id": "sg-08eca336c68c2577f",
            "ingress": [
              {
                "cidr_blocks": [
                  "10.0.2.0/24"
                ],
                "description": "",
                "from_port": 443,
                "ipv6_cidr_blocks": [],
                "prefix_list_ids": [],
                "protocol": "tcp",
                "security_groups": [],
                "self": false,
                "to_port": 443
              }
            ],
            "name": "terraform-20241003105512628300000002",
            "name_prefix": "terraform-",
            "owner_id": "017820679929",
            "revoke_rules_on_delete": false,
            "tags": {
              "Environment": "Development",
              "Name": "Audit-Infra-DynamoDBEndpointSG",
              "Owner": "Anudeep",
              "Project": "Payment Gateway"
            },
            "tags_all": {
              "Environment": "Development",
              "Name": "Audit-Infra-DynamoDBEndpointSG",
              "Owner": "Anudeep",
              "Project": "Payment Gateway"
            },
            "timeouts": null,
            "vpc_id": "vpc-0ed1e1f73f9b0661e"
          },
          "sensitive_attributes": [],
          "private": "eyJlMmJmYjczMC1lY2FhLTExZTYtOGY4OC0zNDM2M2JjN2M0YzAiOnsiY3JlYXRlIjo2MDAwMDAwMDAwMDAsImRlbGV0ZSI6OTAwMDAwMDAwMDAwfSwic2NoZW1hX3ZlcnNpb24iOiIxIn0=",
          "dependencies": [
            "module.vpc.aws_subnet.private",
            "module.vpc.aws_vpc.main"
          ]
        }
      ]
    },
    {
      "module": "module.vpc",
      "mode": "managed",
      "type": "aws_subnet",
      "name": "private",
      "provider": "provider[\"registry.terraform.io/hashicorp/aws\"]",
      "instances": [
        {
          "schema_version": 1,
          "attributes": {
            "arn": "arn:aws:ec2:ca-central-1:017820679929:subnet/subnet-0a69a88ea5ce7dafa",
            "assign_ipv6_address_on_creation": false,
            "availability_zone": "ca-central-1a",
            "availability_zone_id": "cac1-az1",
            "cidr_block": "10.0.2.0/24",
            "customer_owned_ipv4_pool": "",
            "enable_dns64": false,
            "enable_lni_at_device_index": 0,
            "enable_resource_name_dns_a_record_on_launch": false,
            "enable_resource_name_dns_aaaa_record_on_launch": false,
            "id": "subnet-0a69a88ea5ce7dafa",
            "ipv6_cidr_block": "",
            "ipv6_cidr_block_association_id": "",
            "ipv6_native": false,
            "map_customer_owned_ip_on_launch": false,
            "map_public_ip_on_launch": false,
            "outpost_arn": "",
            "owner_id": "017820679929",
            "private_dns_hostname_type_on_launch": "ip-name",
            "tags": {
              "Environment": "Development",
              "Name": "Audit-Infra-PrivateSubnet",
              "Owner": "Anudeep",
              "Project": "Payment Gateway"
            },
            "tags_all": {
              "Environment": "Development",
              "Name": "Audit-Infra-PrivateSubnet",
              "Owner": "Anudeep",
              "Project": "Payment Gateway"
            },
            "timeouts": null,
            "vpc_id": "vpc-0ed1e1f73f9b0661e"
          },
          "sensitive_attributes": [],
          "private": "eyJlMmJmYjczMC1lY2FhLTExZTYtOGY4OC0zNDM2M2JjN2M0YzAiOnsiY3JlYXRlIjo2MDAwMDAwMDAwMDAsImRlbGV0ZSI6MTIwMDAwMDAwMDAwMH0sInNjaGVtYV92ZXJzaW9uIjoiMSJ9",
          "dependencies": [
            "module.vpc.aws_vpc.main"
          ]
        }
      ]
    },
    {
      "module": "module.vpc",
      "mode": "managed",
      "type": "aws_subnet",
      "name": "public",
      "provider": "provider[\"registry.terraform.io/hashicorp/aws\"]",
      "instances": [
        {
          "schema_version": 1,
          "attributes": {
            "arn": "arn:aws:ec2:ca-central-1:017820679929:subnet/subnet-075d3b1506ba890b8",
            "assign_ipv6_address_on_creation": false,
            "availability_zone": "ca-central-1a",
            "availability_zone_id": "cac1-az1",
            "cidr_block": "10.0.1.0/24",
            "customer_owned_ipv4_pool": "",
            "enable_dns64": false,
            "enable_lni_at_device_index": 0,
            "enable_resource_name_dns_a_record_on_launch": false,
            "enable_resource_name_dns_aaaa_record_on_launch": false,
            "id": "subnet-075d3b1506ba890b8",
            "ipv6_cidr_block": "",
            "ipv6_cidr_block_association_id": "",
            "ipv6_native": false,
            "map_customer_owned_ip_on_launch": false,
            "map_public_ip_on_launch": true,
            "outpost_arn": "",
            "owner_id": "017820679929",
            "private_dns_hostname_type_on_launch": "ip-name",
            "tags": {
              "Environment": "Development",
              "Name": "Audit-Infra-PublicSubnet",
              "Owner": "Anudeep",
              "Project": "Payment Gateway"
            },
            "tags_all": {
              "Environment": "Development",
              "Name": "Audit-Infra-PublicSubnet",
              "Owner": "Anudeep",
              "Project": "Payment Gateway"
            },
            "timeouts": null,
            "vpc_id": "vpc-0ed1e1f73f9b0661e"
          },
          "sensitive_attributes": [],
          "private": "eyJlMmJmYjczMC1lY2FhLTExZTYtOGY4OC0zNDM2M2JjN2M0YzAiOnsiY3JlYXRlIjo2MDAwMDAwMDAwMDAsImRlbGV0ZSI6MTIwMDAwMDAwMDAwMH0sInNjaGVtYV92ZXJzaW9uIjoiMSJ9",
          "dependencies": [
            "module.vpc.aws_vpc.main"
          ]
        }
      ]
    },
    {
      "module": "module.vpc",
      "mode": "managed",
      "type": "aws_vpc",
      "name": "main",
      "provider": "provider[\"registry.terraform.io/hashicorp/aws\"]",
      "instances": [
        {
          "schema_version": 1,
          "attributes": {
            "arn": "arn:aws:ec2:ca-central-1:017820679929:vpc/vpc-0ed1e1f73f9b0661e",
            "assign_generated_ipv6_cidr_block": false,
            "cidr_block": "10.0.0.0/16",
            "default_network_acl_id": "acl-096ddff4bef086351",
            "default_route_table_id": "rtb-0f94bb4c7b696aaf8",
            "default_security_group_id": "sg-04db4da2750e346ea",
            "dhcp_options_id": "dopt-0e1fbeb8891964f73",
            "enable_dns_hostnames": true,
            "enable_dns_support": true,
            "enable_network_address_usage_metrics": false,
            "id": "vpc-0ed1e1f73f9b0661e",
            "instance_tenancy": "default",
            "ipv4_ipam_pool_id": null,
            "ipv4_netmask_length": null,
            "ipv6_association_id": "",
            "ipv6_cidr_block": "",
            "ipv6_cidr_block_network_border_group": "",
            "ipv6_ipam_pool_id": "",
            "ipv6_netmask_length": 0,
            "main_route_table_id": "rtb-0f94bb4c7b696aaf8",
            "owner_id": "017820679929",
            "tags": {
              "Environment": "Development",
              "Name": "Audit-Infra-VPC",
              "Owner": "Anudeep",
              "Project": "Payment Gateway"
            },
            "tags_all": {
              "Environment": "Development",
              "Name": "Audit-Infra-VPC",
              "Owner": "Anudeep",
              "Project": "Payment Gateway"
            }
          },
          "sensitive_attributes": [],
          "private": "eyJzY2hlbWFfdmVyc2lvbiI6IjEifQ=="
        }
      ]
    },
    {
      "module": "module.vpc",
      "mode": "managed",
      "type": "aws_vpc_endpoint",
      "name": "dynamodb",
      "provider": "provider[\"registry.terraform.io/hashicorp/aws\"]",
      "instances": [
        {
          "schema_version": 0,
          "attributes": {
            "arn": "arn:aws:ec2:ca-central-1:017820679929:vpc-endpoint/vpce-0b4ae7b0af6f3eb12",
            "auto_accept": null,
            "cidr_blocks": [
              "52.94.14.0/24",
              "35.71.119.0/24"
            ],
            "dns_entry": [
              {
                "dns_name": "vpce-0b4ae7b0af6f3eb12-vctnuh4a.dynamodb.ca-central-1.vpce.amazonaws.com",
                "hosted_zone_id": "ZRCXCF510Y6P9"
              },
              {
                "dns_name": "vpce-0b4ae7b0af6f3eb12-vctnuh4a-ca-central-1a.dynamodb.ca-central-1.vpce.amazonaws.com",
                "hosted_zone_id": "ZRCXCF510Y6P9"
              }
            ],
            "dns_options": [
              {
                "dns_record_ip_type": "ipv4",
                "private_dns_only_for_inbound_resolver_endpoint": false
              }
            ],
            "id": "vpce-0b4ae7b0af6f3eb12",
            "ip_address_type": "ipv4",
            "network_interface_ids": [
              "eni-0251eff486a4ad66d"
            ],
            "owner_id": "017820679929",
            "policy": "{\"Statement\":[{\"Action\":\"*\",\"Effect\":\"Allow\",\"Principal\":\"*\",\"Resource\":\"*\"}]}",
            "prefix_list_id": "pl-4ea54027",
            "private_dns_enabled": false,
            "requester_managed": false,
            "route_table_ids": [],
            "security_group_ids": [
              "sg-08eca336c68c2577f"
            ],
            "service_name": "com.amazonaws.ca-central-1.dynamodb",
            "state": "available",
            "subnet_configuration": [
              {
                "ipv4": "10.0.2.237",
                "ipv6": "",
                "subnet_id": "subnet-0a69a88ea5ce7dafa"
              }
            ],
            "subnet_ids": [
              "subnet-0a69a88ea5ce7dafa"
            ],
            "tags": {
              "Environment": "Development",
              "Name": "DynamoDBEndpoint",
              "Owner": "Anudeep",
              "Project": "Payment Gateway"
            },
            "tags_all": {
              "Environment": "Development",
              "Name": "DynamoDBEndpoint",
              "Owner": "Anudeep",
              "Project": "Payment Gateway"
            },
            "timeouts": null,
            "vpc_endpoint_type": "Interface",
            "vpc_id": "vpc-0ed1e1f73f9b0661e"
          },
          "sensitive_attributes": [],
          "private": "eyJlMmJmYjczMC1lY2FhLTExZTYtOGY4OC0zNDM2M2JjN2M0YzAiOnsiY3JlYXRlIjo2MDAwMDAwMDAwMDAsImRlbGV0ZSI6NjAwMDAwMDAwMDAwLCJ1cGRhdGUiOjYwMDAwMDAwMDAwMH19",
          "dependencies": [
            "module.vpc.aws_security_group.dynamodb_sg",
            "module.vpc.aws_subnet.private",
            "module.vpc.aws_vpc.main"
          ]
        }
      ]
    }
  ],
  "check_results": null
}
